// !$*UTF8*$!
{
	archiveVersion = 1;
	classes = {
	};
	objectVersion = 51;
	objects = {

/* Begin PBXBuildFile section */
		800FD2ED95008361F224024E /* Pods_LoodosTests.framework in Frameworks */ = {isa = PBXBuildFile; fileRef = 014BD2C0467FC09CAEAC5BBA /* Pods_LoodosTests.framework */; };
		99040850263C811600F116BE /* AppDelegate.swift in Sources */ = {isa = PBXBuildFile; fileRef = 9904084F263C811600F116BE /* AppDelegate.swift */; };
		99040859263C811600F116BE /* Assets.xcassets in Resources */ = {isa = PBXBuildFile; fileRef = 99040858263C811600F116BE /* Assets.xcassets */; };
		9904085C263C811600F116BE /* LaunchScreen.storyboard in Resources */ = {isa = PBXBuildFile; fileRef = 9904085A263C811600F116BE /* LaunchScreen.storyboard */; };
		990408DC263C85E400F116BE /* OMDBService.swift in Sources */ = {isa = PBXBuildFile; fileRef = 990408DB263C85E400F116BE /* OMDBService.swift */; };
		990408E1263C867700F116BE /* OMDBRouter.swift in Sources */ = {isa = PBXBuildFile; fileRef = 990408E0263C867700F116BE /* OMDBRouter.swift */; };
		990408E4263C892100F116BE /* Constants.swift in Sources */ = {isa = PBXBuildFile; fileRef = 990408E3263C892100F116BE /* Constants.swift */; };
		990408E7263C8B2200F116BE /* OMDBError.swift in Sources */ = {isa = PBXBuildFile; fileRef = 990408E6263C8B2200F116BE /* OMDBError.swift */; };
		990408EF263C8DF900F116BE /* MovieResponseModel.swift in Sources */ = {isa = PBXBuildFile; fileRef = 990408EE263C8DF900F116BE /* MovieResponseModel.swift */; };
		990408F7263C982A00F116BE /* Search.storyboard in Resources */ = {isa = PBXBuildFile; fileRef = 990408F6263C982A00F116BE /* Search.storyboard */; };
		990408FB263C984300F116BE /* SearchViewController.swift in Sources */ = {isa = PBXBuildFile; fileRef = 990408FA263C984300F116BE /* SearchViewController.swift */; };
		990408FF263C985D00F116BE /* SearchRouter.swift in Sources */ = {isa = PBXBuildFile; fileRef = 990408FE263C985D00F116BE /* SearchRouter.swift */; };
		99040902263C986C00F116BE /* SearchPresenter.swift in Sources */ = {isa = PBXBuildFile; fileRef = 99040901263C986C00F116BE /* SearchPresenter.swift */; };
		99040906263C987900F116BE /* SearchInteractor.swift in Sources */ = {isa = PBXBuildFile; fileRef = 99040905263C987900F116BE /* SearchInteractor.swift */; };
		9904090B263C98DB00F116BE /* SearchContracts.swift in Sources */ = {isa = PBXBuildFile; fileRef = 9904090A263C98DB00F116BE /* SearchContracts.swift */; };
		9904090E263C98E700F116BE /* SearchBuilder.swift in Sources */ = {isa = PBXBuildFile; fileRef = 9904090D263C98E700F116BE /* SearchBuilder.swift */; };
		99040912263C991800F116BE /* DetailBuilder.swift in Sources */ = {isa = PBXBuildFile; fileRef = 99040911263C991800F116BE /* DetailBuilder.swift */; };
		99040916263C992300F116BE /* DetailContracts.swift in Sources */ = {isa = PBXBuildFile; fileRef = 99040915263C992300F116BE /* DetailContracts.swift */; };
		99040919263C992C00F116BE /* DetailInteractor.swift in Sources */ = {isa = PBXBuildFile; fileRef = 99040918263C992C00F116BE /* DetailInteractor.swift */; };
		9904091C263C993400F116BE /* DetailPresenter.swift in Sources */ = {isa = PBXBuildFile; fileRef = 9904091B263C993400F116BE /* DetailPresenter.swift */; };
		9904091F263C993D00F116BE /* DetailRouter.swift in Sources */ = {isa = PBXBuildFile; fileRef = 9904091E263C993D00F116BE /* DetailRouter.swift */; };
		99040922263C994800F116BE /* Detail.storyboard in Resources */ = {isa = PBXBuildFile; fileRef = 99040921263C994800F116BE /* Detail.storyboard */; };
		99040925263C995900F116BE /* DetailViewController.swift in Sources */ = {isa = PBXBuildFile; fileRef = 99040924263C995900F116BE /* DetailViewController.swift */; };
		9904092A263C99F700F116BE /* BaseViewController.swift in Sources */ = {isa = PBXBuildFile; fileRef = 99040929263C99F700F116BE /* BaseViewController.swift */; };
		9904092F263C9A2C00F116BE /* BasePresenterProtocol.swift in Sources */ = {isa = PBXBuildFile; fileRef = 9904092E263C9A2C00F116BE /* BasePresenterProtocol.swift */; };
		99040934263D9AFC00F116BE /* MovieSearchResponseModel.swift in Sources */ = {isa = PBXBuildFile; fileRef = 99040933263D9AFC00F116BE /* MovieSearchResponseModel.swift */; };
		99040938263D9D3900F116BE /* Storyboards.swift in Sources */ = {isa = PBXBuildFile; fileRef = 99040937263D9D3900F116BE /* Storyboards.swift */; };
		9904093D263D9D7100F116BE /* UIStoryboardExtension.swift in Sources */ = {isa = PBXBuildFile; fileRef = 9904093C263D9D7100F116BE /* UIStoryboardExtension.swift */; };
		99040940263D9DA200F116BE /* StoryboardIdentifiers.swift in Sources */ = {isa = PBXBuildFile; fileRef = 9904093F263D9DA200F116BE /* StoryboardIdentifiers.swift */; };
		99040943263D9E7000F116BE /* AppRouter.swift in Sources */ = {isa = PBXBuildFile; fileRef = 99040942263D9E7000F116BE /* AppRouter.swift */; };
		99040946263D9EB600F116BE /* AppContainer.swift in Sources */ = {isa = PBXBuildFile; fileRef = 99040945263D9EB600F116BE /* AppContainer.swift */; };
		99040952263DA46000F116BE /* SearchCollectionViewCell.swift in Sources */ = {isa = PBXBuildFile; fileRef = 99040950263DA46000F116BE /* SearchCollectionViewCell.swift */; };
		99040953263DA46000F116BE /* SearchCollectionViewCell.xib in Resources */ = {isa = PBXBuildFile; fileRef = 99040951263DA46000F116BE /* SearchCollectionViewCell.xib */; };
		99040957263DA69600F116BE /* MoviePresentation.swift in Sources */ = {isa = PBXBuildFile; fileRef = 99040956263DA69600F116BE /* MoviePresentation.swift */; };
		9904095B263DAE6A00F116BE /* UIImageViewExtension.swift in Sources */ = {isa = PBXBuildFile; fileRef = 9904095A263DAE6A00F116BE /* UIImageViewExtension.swift */; };
		9904095F263DC9A400F116BE /* LoadingView.swift in Sources */ = {isa = PBXBuildFile; fileRef = 9904095E263DC9A400F116BE /* LoadingView.swift */; };
		99040961263DCB8500F116BE /* Localizable.strings in Resources */ = {isa = PBXBuildFile; fileRef = 99040963263DCB8500F116BE /* Localizable.strings */; };
		99040968263DD03000F116BE /* UICollectionViewExtension.swift in Sources */ = {isa = PBXBuildFile; fileRef = 99040967263DD03000F116BE /* UICollectionViewExtension.swift */; };
		9904096C263DD51A00F116BE /* DetailPresentation.swift in Sources */ = {isa = PBXBuildFile; fileRef = 9904096B263DD51A00F116BE /* DetailPresentation.swift */; };
		99040971263DDDF300F116BE /* BaseLabel.swift in Sources */ = {isa = PBXBuildFile; fileRef = 99040970263DDDF300F116BE /* BaseLabel.swift */; };
		99A267F8263EBBAB007A33DD /* NetworkService.swift in Sources */ = {isa = PBXBuildFile; fileRef = 99A267F7263EBBAB007A33DD /* NetworkService.swift */; };
		99A267FC263EBE80007A33DD /* SplashRouter.swift in Sources */ = {isa = PBXBuildFile; fileRef = 99A267FB263EBE80007A33DD /* SplashRouter.swift */; };
		99A26800263EBE89007A33DD /* SplashInteractor.swift in Sources */ = {isa = PBXBuildFile; fileRef = 99A267FF263EBE89007A33DD /* SplashInteractor.swift */; };
		99A26803263EBE94007A33DD /* SplashPresenter.swift in Sources */ = {isa = PBXBuildFile; fileRef = 99A26802263EBE94007A33DD /* SplashPresenter.swift */; };
		99A26806263EBEA7007A33DD /* SplashBuilder.swift in Sources */ = {isa = PBXBuildFile; fileRef = 99A26805263EBEA7007A33DD /* SplashBuilder.swift */; };
		99A26809263EBEB2007A33DD /* Splash.storyboard in Resources */ = {isa = PBXBuildFile; fileRef = 99A26808263EBEB2007A33DD /* Splash.storyboard */; };
		99A2680C263EBEBF007A33DD /* SplashContracts.swift in Sources */ = {isa = PBXBuildFile; fileRef = 99A2680B263EBEBF007A33DD /* SplashContracts.swift */; };
		99A26811263EBED1007A33DD /* SplashViewController.swift in Sources */ = {isa = PBXBuildFile; fileRef = 99A26810263EBED1007A33DD /* SplashViewController.swift */; };
		99A26816263ECDBE007A33DD /* GoogleService-Info.plist in Resources */ = {isa = PBXBuildFile; fileRef = 99A26815263ECDBE007A33DD /* GoogleService-Info.plist */; };
		99A2684A263EE294007A33DD /* CommonConstants.swift in Sources */ = {isa = PBXBuildFile; fileRef = 99A26849263EE294007A33DD /* CommonConstants.swift */; };
		99A268C4263F1A04007A33DD /* LoodosTests.swift in Sources */ = {isa = PBXBuildFile; fileRef = 99A268C3263F1A04007A33DD /* LoodosTests.swift */; };
		DB2AECE233865AB952BE6FF5 /* Pods_Loodos.framework in Frameworks */ = {isa = PBXBuildFile; fileRef = 65B629B10ACC6C6DE232C26C /* Pods_Loodos.framework */; };
/* End PBXBuildFile section */

/* Begin PBXContainerItemProxy section */
		99A268C6263F1A04007A33DD /* PBXContainerItemProxy */ = {
			isa = PBXContainerItemProxy;
			containerPortal = 99040844263C811600F116BE /* Project object */;
			proxyType = 1;
			remoteGlobalIDString = 9904084B263C811600F116BE;
			remoteInfo = Loodos;
		};
/* End PBXContainerItemProxy section */

/* Begin PBXFileReference section */
		014BD2C0467FC09CAEAC5BBA /* Pods_LoodosTests.framework */ = {isa = PBXFileReference; explicitFileType = wrapper.framework; includeInIndex = 0; path = Pods_LoodosTests.framework; sourceTree = BUILT_PRODUCTS_DIR; };
		317FF7FCF69A9DF3C0D86229 /* Pods-LoodosTests.production.xcconfig */ = {isa = PBXFileReference; includeInIndex = 1; lastKnownFileType = text.xcconfig; name = "Pods-LoodosTests.production.xcconfig"; path = "Target Support Files/Pods-LoodosTests/Pods-LoodosTests.production.xcconfig"; sourceTree = "<group>"; };
		504899870B99BB5771753570 /* Pods-Loodos.production.xcconfig */ = {isa = PBXFileReference; includeInIndex = 1; lastKnownFileType = text.xcconfig; name = "Pods-Loodos.production.xcconfig"; path = "Target Support Files/Pods-Loodos/Pods-Loodos.production.xcconfig"; sourceTree = "<group>"; };
		65B629B10ACC6C6DE232C26C /* Pods_Loodos.framework */ = {isa = PBXFileReference; explicitFileType = wrapper.framework; includeInIndex = 0; path = Pods_Loodos.framework; sourceTree = BUILT_PRODUCTS_DIR; };
		9904084C263C811600F116BE /* Loodos.app */ = {isa = PBXFileReference; explicitFileType = wrapper.application; includeInIndex = 0; path = Loodos.app; sourceTree = BUILT_PRODUCTS_DIR; };
		9904084F263C811600F116BE /* AppDelegate.swift */ = {isa = PBXFileReference; lastKnownFileType = sourcecode.swift; path = AppDelegate.swift; sourceTree = "<group>"; };
		99040858263C811600F116BE /* Assets.xcassets */ = {isa = PBXFileReference; lastKnownFileType = folder.assetcatalog; path = Assets.xcassets; sourceTree = "<group>"; };
		9904085B263C811600F116BE /* Base */ = {isa = PBXFileReference; lastKnownFileType = file.storyboard; name = Base; path = Base.lproj/LaunchScreen.storyboard; sourceTree = "<group>"; };
		9904085D263C811600F116BE /* Info.plist */ = {isa = PBXFileReference; lastKnownFileType = text.plist.xml; path = Info.plist; sourceTree = "<group>"; };
		990408DB263C85E400F116BE /* OMDBService.swift */ = {isa = PBXFileReference; lastKnownFileType = sourcecode.swift; path = OMDBService.swift; sourceTree = "<group>"; };
		990408E0263C867700F116BE /* OMDBRouter.swift */ = {isa = PBXFileReference; lastKnownFileType = sourcecode.swift; path = OMDBRouter.swift; sourceTree = "<group>"; };
		990408E3263C892100F116BE /* Constants.swift */ = {isa = PBXFileReference; lastKnownFileType = sourcecode.swift; path = Constants.swift; sourceTree = "<group>"; };
		990408E6263C8B2200F116BE /* OMDBError.swift */ = {isa = PBXFileReference; lastKnownFileType = sourcecode.swift; path = OMDBError.swift; sourceTree = "<group>"; };
		990408EE263C8DF900F116BE /* MovieResponseModel.swift */ = {isa = PBXFileReference; lastKnownFileType = sourcecode.swift; path = MovieResponseModel.swift; sourceTree = "<group>"; };
		990408F6263C982A00F116BE /* Search.storyboard */ = {isa = PBXFileReference; lastKnownFileType = file.storyboard; path = Search.storyboard; sourceTree = "<group>"; };
		990408FA263C984300F116BE /* SearchViewController.swift */ = {isa = PBXFileReference; lastKnownFileType = sourcecode.swift; path = SearchViewController.swift; sourceTree = "<group>"; };
		990408FE263C985D00F116BE /* SearchRouter.swift */ = {isa = PBXFileReference; lastKnownFileType = sourcecode.swift; path = SearchRouter.swift; sourceTree = "<group>"; };
		99040901263C986C00F116BE /* SearchPresenter.swift */ = {isa = PBXFileReference; lastKnownFileType = sourcecode.swift; path = SearchPresenter.swift; sourceTree = "<group>"; };
		99040905263C987900F116BE /* SearchInteractor.swift */ = {isa = PBXFileReference; lastKnownFileType = sourcecode.swift; path = SearchInteractor.swift; sourceTree = "<group>"; };
		9904090A263C98DB00F116BE /* SearchContracts.swift */ = {isa = PBXFileReference; lastKnownFileType = sourcecode.swift; path = SearchContracts.swift; sourceTree = "<group>"; };
		9904090D263C98E700F116BE /* SearchBuilder.swift */ = {isa = PBXFileReference; lastKnownFileType = sourcecode.swift; path = SearchBuilder.swift; sourceTree = "<group>"; };
		99040911263C991800F116BE /* DetailBuilder.swift */ = {isa = PBXFileReference; lastKnownFileType = sourcecode.swift; path = DetailBuilder.swift; sourceTree = "<group>"; };
		99040915263C992300F116BE /* DetailContracts.swift */ = {isa = PBXFileReference; lastKnownFileType = sourcecode.swift; path = DetailContracts.swift; sourceTree = "<group>"; };
		99040918263C992C00F116BE /* DetailInteractor.swift */ = {isa = PBXFileReference; lastKnownFileType = sourcecode.swift; path = DetailInteractor.swift; sourceTree = "<group>"; };
		9904091B263C993400F116BE /* DetailPresenter.swift */ = {isa = PBXFileReference; lastKnownFileType = sourcecode.swift; path = DetailPresenter.swift; sourceTree = "<group>"; };
		9904091E263C993D00F116BE /* DetailRouter.swift */ = {isa = PBXFileReference; lastKnownFileType = sourcecode.swift; path = DetailRouter.swift; sourceTree = "<group>"; };
		99040921263C994800F116BE /* Detail.storyboard */ = {isa = PBXFileReference; lastKnownFileType = file.storyboard; path = Detail.storyboard; sourceTree = "<group>"; };
		99040924263C995900F116BE /* DetailViewController.swift */ = {isa = PBXFileReference; lastKnownFileType = sourcecode.swift; path = DetailViewController.swift; sourceTree = "<group>"; };
		99040929263C99F700F116BE /* BaseViewController.swift */ = {isa = PBXFileReference; lastKnownFileType = sourcecode.swift; path = BaseViewController.swift; sourceTree = "<group>"; };
		9904092E263C9A2C00F116BE /* BasePresenterProtocol.swift */ = {isa = PBXFileReference; lastKnownFileType = sourcecode.swift; path = BasePresenterProtocol.swift; sourceTree = "<group>"; };
		99040933263D9AFC00F116BE /* MovieSearchResponseModel.swift */ = {isa = PBXFileReference; lastKnownFileType = sourcecode.swift; path = MovieSearchResponseModel.swift; sourceTree = "<group>"; };
		99040937263D9D3900F116BE /* Storyboards.swift */ = {isa = PBXFileReference; lastKnownFileType = sourcecode.swift; path = Storyboards.swift; sourceTree = "<group>"; };
		9904093C263D9D7100F116BE /* UIStoryboardExtension.swift */ = {isa = PBXFileReference; lastKnownFileType = sourcecode.swift; path = UIStoryboardExtension.swift; sourceTree = "<group>"; };
		9904093F263D9DA200F116BE /* StoryboardIdentifiers.swift */ = {isa = PBXFileReference; lastKnownFileType = sourcecode.swift; path = StoryboardIdentifiers.swift; sourceTree = "<group>"; };
		99040942263D9E7000F116BE /* AppRouter.swift */ = {isa = PBXFileReference; lastKnownFileType = sourcecode.swift; path = AppRouter.swift; sourceTree = "<group>"; };
		99040945263D9EB600F116BE /* AppContainer.swift */ = {isa = PBXFileReference; lastKnownFileType = sourcecode.swift; path = AppContainer.swift; sourceTree = "<group>"; };
		99040950263DA46000F116BE /* SearchCollectionViewCell.swift */ = {isa = PBXFileReference; lastKnownFileType = sourcecode.swift; path = SearchCollectionViewCell.swift; sourceTree = "<group>"; };
		99040951263DA46000F116BE /* SearchCollectionViewCell.xib */ = {isa = PBXFileReference; lastKnownFileType = file.xib; path = SearchCollectionViewCell.xib; sourceTree = "<group>"; };
		99040956263DA69600F116BE /* MoviePresentation.swift */ = {isa = PBXFileReference; lastKnownFileType = sourcecode.swift; path = MoviePresentation.swift; sourceTree = "<group>"; };
		9904095A263DAE6A00F116BE /* UIImageViewExtension.swift */ = {isa = PBXFileReference; lastKnownFileType = sourcecode.swift; path = UIImageViewExtension.swift; sourceTree = "<group>"; };
		9904095E263DC9A400F116BE /* LoadingView.swift */ = {isa = PBXFileReference; lastKnownFileType = sourcecode.swift; path = LoadingView.swift; sourceTree = "<group>"; };
		99040962263DCB8500F116BE /* en */ = {isa = PBXFileReference; lastKnownFileType = text.plist.strings; name = en; path = en.lproj/Localizable.strings; sourceTree = "<group>"; };
		99040965263DCB9400F116BE /* tr */ = {isa = PBXFileReference; lastKnownFileType = text.plist.strings; name = tr; path = tr.lproj/Localizable.strings; sourceTree = "<group>"; };
		99040967263DD03000F116BE /* UICollectionViewExtension.swift */ = {isa = PBXFileReference; lastKnownFileType = sourcecode.swift; path = UICollectionViewExtension.swift; sourceTree = "<group>"; };
		9904096B263DD51A00F116BE /* DetailPresentation.swift */ = {isa = PBXFileReference; lastKnownFileType = sourcecode.swift; path = DetailPresentation.swift; sourceTree = "<group>"; };
		99040970263DDDF300F116BE /* BaseLabel.swift */ = {isa = PBXFileReference; lastKnownFileType = sourcecode.swift; path = BaseLabel.swift; sourceTree = "<group>"; };
		99A267F7263EBBAB007A33DD /* NetworkService.swift */ = {isa = PBXFileReference; lastKnownFileType = sourcecode.swift; path = NetworkService.swift; sourceTree = "<group>"; };
		99A267FB263EBE80007A33DD /* SplashRouter.swift */ = {isa = PBXFileReference; lastKnownFileType = sourcecode.swift; path = SplashRouter.swift; sourceTree = "<group>"; };
		99A267FF263EBE89007A33DD /* SplashInteractor.swift */ = {isa = PBXFileReference; lastKnownFileType = sourcecode.swift; path = SplashInteractor.swift; sourceTree = "<group>"; };
		99A26802263EBE94007A33DD /* SplashPresenter.swift */ = {isa = PBXFileReference; lastKnownFileType = sourcecode.swift; path = SplashPresenter.swift; sourceTree = "<group>"; };
		99A26805263EBEA7007A33DD /* SplashBuilder.swift */ = {isa = PBXFileReference; lastKnownFileType = sourcecode.swift; path = SplashBuilder.swift; sourceTree = "<group>"; };
		99A26808263EBEB2007A33DD /* Splash.storyboard */ = {isa = PBXFileReference; lastKnownFileType = file.storyboard; path = Splash.storyboard; sourceTree = "<group>"; };
		99A2680B263EBEBF007A33DD /* SplashContracts.swift */ = {isa = PBXFileReference; lastKnownFileType = sourcecode.swift; path = SplashContracts.swift; sourceTree = "<group>"; };
		99A26810263EBED1007A33DD /* SplashViewController.swift */ = {isa = PBXFileReference; lastKnownFileType = sourcecode.swift; path = SplashViewController.swift; sourceTree = "<group>"; };
		99A26815263ECDBE007A33DD /* GoogleService-Info.plist */ = {isa = PBXFileReference; fileEncoding = 4; lastKnownFileType = text.plist.xml; path = "GoogleService-Info.plist"; sourceTree = "<group>"; };
		99A26849263EE294007A33DD /* CommonConstants.swift */ = {isa = PBXFileReference; lastKnownFileType = sourcecode.swift; path = CommonConstants.swift; sourceTree = "<group>"; };
		99A268C1263F1A04007A33DD /* LoodosTests.xctest */ = {isa = PBXFileReference; explicitFileType = wrapper.cfbundle; includeInIndex = 0; path = LoodosTests.xctest; sourceTree = BUILT_PRODUCTS_DIR; };
		99A268C3263F1A04007A33DD /* LoodosTests.swift */ = {isa = PBXFileReference; lastKnownFileType = sourcecode.swift; path = LoodosTests.swift; sourceTree = "<group>"; };
		99A268C5263F1A04007A33DD /* Info.plist */ = {isa = PBXFileReference; lastKnownFileType = text.plist.xml; path = Info.plist; sourceTree = "<group>"; };
		9E6054E6A9C87EBD9118DFAD /* Pods-LoodosTests.development.xcconfig */ = {isa = PBXFileReference; includeInIndex = 1; lastKnownFileType = text.xcconfig; name = "Pods-LoodosTests.development.xcconfig"; path = "Target Support Files/Pods-LoodosTests/Pods-LoodosTests.development.xcconfig"; sourceTree = "<group>"; };
		D5F3CD068DB422E374163AC7 /* Pods-Loodos.development.xcconfig */ = {isa = PBXFileReference; includeInIndex = 1; lastKnownFileType = text.xcconfig; name = "Pods-Loodos.development.xcconfig"; path = "Target Support Files/Pods-Loodos/Pods-Loodos.development.xcconfig"; sourceTree = "<group>"; };
/* End PBXFileReference section */

/* Begin PBXFrameworksBuildPhase section */
		99040849263C811600F116BE /* Frameworks */ = {
			isa = PBXFrameworksBuildPhase;
			buildActionMask = 2147483647;
			files = (
				DB2AECE233865AB952BE6FF5 /* Pods_Loodos.framework in Frameworks */,
			);
			runOnlyForDeploymentPostprocessing = 0;
		};
		99A268BE263F1A04007A33DD /* Frameworks */ = {
			isa = PBXFrameworksBuildPhase;
			buildActionMask = 2147483647;
			files = (
				800FD2ED95008361F224024E /* Pods_LoodosTests.framework in Frameworks */,
			);
			runOnlyForDeploymentPostprocessing = 0;
		};
/* End PBXFrameworksBuildPhase section */

/* Begin PBXGroup section */
		97B2F02BF87123EE0E0ED258 /* Pods */ = {
			isa = PBXGroup;
			children = (
				D5F3CD068DB422E374163AC7 /* Pods-Loodos.development.xcconfig */,
				504899870B99BB5771753570 /* Pods-Loodos.production.xcconfig */,
				9E6054E6A9C87EBD9118DFAD /* Pods-LoodosTests.development.xcconfig */,
				317FF7FCF69A9DF3C0D86229 /* Pods-LoodosTests.production.xcconfig */,
			);
			path = Pods;
			sourceTree = "<group>";
		};
		99040843263C811600F116BE = {
			isa = PBXGroup;
			children = (
				9904084E263C811600F116BE /* Loodos */,
				99A268C2263F1A04007A33DD /* LoodosTests */,
				9904084D263C811600F116BE /* Products */,
				97B2F02BF87123EE0E0ED258 /* Pods */,
				CB1F41963855B2AB5CEC6803 /* Frameworks */,
			);
			sourceTree = "<group>";
		};
		9904084D263C811600F116BE /* Products */ = {
			isa = PBXGroup;
			children = (
				9904084C263C811600F116BE /* Loodos.app */,
				99A268C1263F1A04007A33DD /* LoodosTests.xctest */,
			);
			name = Products;
			sourceTree = "<group>";
		};
		9904084E263C811600F116BE /* Loodos */ = {
			isa = PBXGroup;
			children = (
				99040865263C81E200F116BE /* Application */,
				99040927263C99DB00F116BE /* Common */,
				990408ED263C8DE700F116BE /* Models */,
				990408E9263C8CDA00F116BE /* Modules */,
				99040867263C81F600F116BE /* Resources */,
				990408DA263C85C200F116BE /* Services */,
				99A26815263ECDBE007A33DD /* GoogleService-Info.plist */,
				9904085D263C811600F116BE /* Info.plist */,
			);
			path = Loodos;
			sourceTree = "<group>";
		};
		99040865263C81E200F116BE /* Application */ = {
			isa = PBXGroup;
			children = (
				99040945263D9EB600F116BE /* AppContainer.swift */,
				9904084F263C811600F116BE /* AppDelegate.swift */,
				99040942263D9E7000F116BE /* AppRouter.swift */,
			);
			path = Application;
			sourceTree = "<group>";
		};
		99040867263C81F600F116BE /* Resources */ = {
			isa = PBXGroup;
			children = (
				99040858263C811600F116BE /* Assets.xcassets */,
				99040868263C81FE00F116BE /* Strings */,
			);
			path = Resources;
			sourceTree = "<group>";
		};
		99040868263C81FE00F116BE /* Strings */ = {
			isa = PBXGroup;
			children = (
				99040963263DCB8500F116BE /* Localizable.strings */,
			);
			path = Strings;
			sourceTree = "<group>";
		};
		990408DA263C85C200F116BE /* Services */ = {
			isa = PBXGroup;
			children = (
				99A267F7263EBBAB007A33DD /* NetworkService.swift */,
				990408E3263C892100F116BE /* Constants.swift */,
				990408E6263C8B2200F116BE /* OMDBError.swift */,
				990408E0263C867700F116BE /* OMDBRouter.swift */,
				990408DB263C85E400F116BE /* OMDBService.swift */,
			);
			path = Services;
			sourceTree = "<group>";
		};
		990408E9263C8CDA00F116BE /* Modules */ = {
			isa = PBXGroup;
			children = (
				990408EC263C8CFC00F116BE /* Detail */,
				990408EA263C8CED00F116BE /* Launch */,
				990408EB263C8CF300F116BE /* Search */,
				99A267FA263EBE6F007A33DD /* Splash */,
			);
			path = Modules;
			sourceTree = "<group>";
		};
		990408EA263C8CED00F116BE /* Launch */ = {
			isa = PBXGroup;
			children = (
				9904085A263C811600F116BE /* LaunchScreen.storyboard */,
			);
			path = Launch;
			sourceTree = "<group>";
		};
		990408EB263C8CF300F116BE /* Search */ = {
			isa = PBXGroup;
			children = (
				99A26847263EE27B007A33DD /* Entities */,
				990408F9263C983900F116BE /* Views */,
				990408F6263C982A00F116BE /* Search.storyboard */,
				9904090D263C98E700F116BE /* SearchBuilder.swift */,
				9904090A263C98DB00F116BE /* SearchContracts.swift */,
				99040905263C987900F116BE /* SearchInteractor.swift */,
				99040901263C986C00F116BE /* SearchPresenter.swift */,
				990408FE263C985D00F116BE /* SearchRouter.swift */,
			);
			path = Search;
			sourceTree = "<group>";
		};
		990408EC263C8CFC00F116BE /* Detail */ = {
			isa = PBXGroup;
			children = (
				9904096A263DD50D00F116BE /* Entities */,
				99040910263C990200F116BE /* Views */,
				99040921263C994800F116BE /* Detail.storyboard */,
				99040911263C991800F116BE /* DetailBuilder.swift */,
				99040915263C992300F116BE /* DetailContracts.swift */,
				99040918263C992C00F116BE /* DetailInteractor.swift */,
				9904091B263C993400F116BE /* DetailPresenter.swift */,
				9904091E263C993D00F116BE /* DetailRouter.swift */,
			);
			path = Detail;
			sourceTree = "<group>";
		};
		990408ED263C8DE700F116BE /* Models */ = {
			isa = PBXGroup;
			children = (
				990408EE263C8DF900F116BE /* MovieResponseModel.swift */,
				99040933263D9AFC00F116BE /* MovieSearchResponseModel.swift */,
			);
			path = Models;
			sourceTree = "<group>";
		};
		990408F9263C983900F116BE /* Views */ = {
			isa = PBXGroup;
			children = (
				99040950263DA46000F116BE /* SearchCollectionViewCell.swift */,
				99040951263DA46000F116BE /* SearchCollectionViewCell.xib */,
				990408FA263C984300F116BE /* SearchViewController.swift */,
			);
			path = Views;
			sourceTree = "<group>";
		};
		99040910263C990200F116BE /* Views */ = {
			isa = PBXGroup;
			children = (
				99040924263C995900F116BE /* DetailViewController.swift */,
			);
			path = Views;
			sourceTree = "<group>";
		};
		99040927263C99DB00F116BE /* Common */ = {
			isa = PBXGroup;
			children = (
				99040936263D9D2D00F116BE /* Constants */,
				9904096F263DDDE800F116BE /* Controls */,
				9904093B263D9D5E00F116BE /* Extensions */,
				99A267F6263EBB81007A33DD /* Helpers */,
				9904092D263C9A1500F116BE /* Protocols */,
				99040928263C99E400F116BE /* Views */,
			);
			path = Common;
			sourceTree = "<group>";
		};
		99040928263C99E400F116BE /* Views */ = {
			isa = PBXGroup;
			children = (
				99040929263C99F700F116BE /* BaseViewController.swift */,
				9904095E263DC9A400F116BE /* LoadingView.swift */,
			);
			path = Views;
			sourceTree = "<group>";
		};
		9904092D263C9A1500F116BE /* Protocols */ = {
			isa = PBXGroup;
			children = (
				9904092E263C9A2C00F116BE /* BasePresenterProtocol.swift */,
			);
			path = Protocols;
			sourceTree = "<group>";
		};
		99040936263D9D2D00F116BE /* Constants */ = {
			isa = PBXGroup;
			children = (
				9904093F263D9DA200F116BE /* StoryboardIdentifiers.swift */,
				99040937263D9D3900F116BE /* Storyboards.swift */,
				99A26849263EE294007A33DD /* CommonConstants.swift */,
			);
			path = Constants;
			sourceTree = "<group>";
		};
		9904093B263D9D5E00F116BE /* Extensions */ = {
			isa = PBXGroup;
			children = (
				99040967263DD03000F116BE /* UICollectionViewExtension.swift */,
				9904095A263DAE6A00F116BE /* UIImageViewExtension.swift */,
				9904093C263D9D7100F116BE /* UIStoryboardExtension.swift */,
			);
			path = Extensions;
			sourceTree = "<group>";
		};
		9904096A263DD50D00F116BE /* Entities */ = {
			isa = PBXGroup;
			children = (
				9904096B263DD51A00F116BE /* DetailPresentation.swift */,
			);
			path = Entities;
			sourceTree = "<group>";
		};
		9904096F263DDDE800F116BE /* Controls */ = {
			isa = PBXGroup;
			children = (
				99040970263DDDF300F116BE /* BaseLabel.swift */,
			);
			path = Controls;
			sourceTree = "<group>";
		};
		99A267F6263EBB81007A33DD /* Helpers */ = {
			isa = PBXGroup;
			children = (
			);
			path = Helpers;
			sourceTree = "<group>";
		};
		99A267FA263EBE6F007A33DD /* Splash */ = {
			isa = PBXGroup;
			children = (
				99A2680F263EBEC9007A33DD /* Views */,
				99A26808263EBEB2007A33DD /* Splash.storyboard */,
				99A26805263EBEA7007A33DD /* SplashBuilder.swift */,
				99A2680B263EBEBF007A33DD /* SplashContracts.swift */,
				99A267FF263EBE89007A33DD /* SplashInteractor.swift */,
				99A26802263EBE94007A33DD /* SplashPresenter.swift */,
				99A267FB263EBE80007A33DD /* SplashRouter.swift */,
			);
			path = Splash;
			sourceTree = "<group>";
		};
		99A2680F263EBEC9007A33DD /* Views */ = {
			isa = PBXGroup;
			children = (
				99A26810263EBED1007A33DD /* SplashViewController.swift */,
			);
			path = Views;
			sourceTree = "<group>";
		};
		99A26847263EE27B007A33DD /* Entities */ = {
			isa = PBXGroup;
			children = (
				99040956263DA69600F116BE /* MoviePresentation.swift */,
			);
			path = Entities;
			sourceTree = "<group>";
		};
		99A268C2263F1A04007A33DD /* LoodosTests */ = {
			isa = PBXGroup;
			children = (
				99A268C3263F1A04007A33DD /* LoodosTests.swift */,
				99A268C5263F1A04007A33DD /* Info.plist */,
			);
			path = LoodosTests;
			sourceTree = "<group>";
		};
		CB1F41963855B2AB5CEC6803 /* Frameworks */ = {
			isa = PBXGroup;
			children = (
				65B629B10ACC6C6DE232C26C /* Pods_Loodos.framework */,
				014BD2C0467FC09CAEAC5BBA /* Pods_LoodosTests.framework */,
			);
			name = Frameworks;
			sourceTree = "<group>";
		};
/* End PBXGroup section */

/* Begin PBXNativeTarget section */
		9904084B263C811600F116BE /* Loodos */ = {
			isa = PBXNativeTarget;
			buildConfigurationList = 99040860263C811600F116BE /* Build configuration list for PBXNativeTarget "Loodos" */;
			buildPhases = (
				0C82B77E4E6D00BF77BEDB36 /* [CP] Check Pods Manifest.lock */,
				99040848263C811600F116BE /* Sources */,
				99040849263C811600F116BE /* Frameworks */,
				9904084A263C811600F116BE /* Resources */,
				75A9321388B741F6AD26725E /* [CP] Embed Pods Frameworks */,
			);
			buildRules = (
			);
			dependencies = (
			);
			name = Loodos;
			productName = Loodos;
			productReference = 9904084C263C811600F116BE /* Loodos.app */;
			productType = "com.apple.product-type.application";
		};
		99A268C0263F1A04007A33DD /* LoodosTests */ = {
			isa = PBXNativeTarget;
			buildConfigurationList = 99A268CA263F1A04007A33DD /* Build configuration list for PBXNativeTarget "LoodosTests" */;
			buildPhases = (
				284319F2ABB9FD32DF5D50BC /* [CP] Check Pods Manifest.lock */,
				99A268BD263F1A04007A33DD /* Sources */,
				99A268BE263F1A04007A33DD /* Frameworks */,
				99A268BF263F1A04007A33DD /* Resources */,
			);
			buildRules = (
			);
			dependencies = (
				99A268C7263F1A04007A33DD /* PBXTargetDependency */,
			);
			name = LoodosTests;
			productName = LoodosTests;
			productReference = 99A268C1263F1A04007A33DD /* LoodosTests.xctest */;
			productType = "com.apple.product-type.bundle.unit-test";
		};
/* End PBXNativeTarget section */

/* Begin PBXProject section */
		99040844263C811600F116BE /* Project object */ = {
			isa = PBXProject;
			attributes = {
				LastSwiftUpdateCheck = 1240;
				LastUpgradeCheck = 1240;
				TargetAttributes = {
					9904084B263C811600F116BE = {
						CreatedOnToolsVersion = 12.4;
					};
					99A268C0263F1A04007A33DD = {
						CreatedOnToolsVersion = 12.4;
						TestTargetID = 9904084B263C811600F116BE;
					};
				};
			};
			buildConfigurationList = 99040847263C811600F116BE /* Build configuration list for PBXProject "Loodos" */;
			compatibilityVersion = "Xcode 9.3";
			developmentRegion = en;
			hasScannedForEncodings = 0;
			knownRegions = (
				en,
				Base,
				tr,
			);
			mainGroup = 99040843263C811600F116BE;
			productRefGroup = 9904084D263C811600F116BE /* Products */;
			projectDirPath = "";
			projectRoot = "";
			targets = (
				9904084B263C811600F116BE /* Loodos */,
				99A268C0263F1A04007A33DD /* LoodosTests */,
			);
		};
/* End PBXProject section */

/* Begin PBXResourcesBuildPhase section */
		9904084A263C811600F116BE /* Resources */ = {
			isa = PBXResourcesBuildPhase;
			buildActionMask = 2147483647;
			files = (
				99040953263DA46000F116BE /* SearchCollectionViewCell.xib in Resources */,
				99A26816263ECDBE007A33DD /* GoogleService-Info.plist in Resources */,
				9904085C263C811600F116BE /* LaunchScreen.storyboard in Resources */,
				99040961263DCB8500F116BE /* Localizable.strings in Resources */,
				99040859263C811600F116BE /* Assets.xcassets in Resources */,
				99040922263C994800F116BE /* Detail.storyboard in Resources */,
				990408F7263C982A00F116BE /* Search.storyboard in Resources */,
				99A26809263EBEB2007A33DD /* Splash.storyboard in Resources */,
			);
			runOnlyForDeploymentPostprocessing = 0;
		};
		99A268BF263F1A04007A33DD /* Resources */ = {
			isa = PBXResourcesBuildPhase;
			buildActionMask = 2147483647;
			files = (
			);
			runOnlyForDeploymentPostprocessing = 0;
		};
/* End PBXResourcesBuildPhase section */

/* Begin PBXShellScriptBuildPhase section */
		0C82B77E4E6D00BF77BEDB36 /* [CP] Check Pods Manifest.lock */ = {
			isa = PBXShellScriptBuildPhase;
			buildActionMask = 2147483647;
			files = (
			);
			inputFileListPaths = (
			);
			inputPaths = (
				"${PODS_PODFILE_DIR_PATH}/Podfile.lock",
				"${PODS_ROOT}/Manifest.lock",
			);
			name = "[CP] Check Pods Manifest.lock";
			outputFileListPaths = (
			);
			outputPaths = (
				"$(DERIVED_FILE_DIR)/Pods-Loodos-checkManifestLockResult.txt",
			);
			runOnlyForDeploymentPostprocessing = 0;
			shellPath = /bin/sh;
			shellScript = "diff \"${PODS_PODFILE_DIR_PATH}/Podfile.lock\" \"${PODS_ROOT}/Manifest.lock\" > /dev/null\nif [ $? != 0 ] ; then\n    # print error to STDERR\n    echo \"error: The sandbox is not in sync with the Podfile.lock. Run 'pod install' or update your CocoaPods installation.\" >&2\n    exit 1\nfi\n# This output is used by Xcode 'outputs' to avoid re-running this script phase.\necho \"SUCCESS\" > \"${SCRIPT_OUTPUT_FILE_0}\"\n";
			showEnvVarsInLog = 0;
		};
		284319F2ABB9FD32DF5D50BC /* [CP] Check Pods Manifest.lock */ = {
			isa = PBXShellScriptBuildPhase;
			buildActionMask = 2147483647;
			files = (
			);
			inputFileListPaths = (
			);
			inputPaths = (
				"${PODS_PODFILE_DIR_PATH}/Podfile.lock",
				"${PODS_ROOT}/Manifest.lock",
			);
			name = "[CP] Check Pods Manifest.lock";
			outputFileListPaths = (
			);
			outputPaths = (
				"$(DERIVED_FILE_DIR)/Pods-LoodosTests-checkManifestLockResult.txt",
			);
			runOnlyForDeploymentPostprocessing = 0;
			shellPath = /bin/sh;
			shellScript = "diff \"${PODS_PODFILE_DIR_PATH}/Podfile.lock\" \"${PODS_ROOT}/Manifest.lock\" > /dev/null\nif [ $? != 0 ] ; then\n    # print error to STDERR\n    echo \"error: The sandbox is not in sync with the Podfile.lock. Run 'pod install' or update your CocoaPods installation.\" >&2\n    exit 1\nfi\n# This output is used by Xcode 'outputs' to avoid re-running this script phase.\necho \"SUCCESS\" > \"${SCRIPT_OUTPUT_FILE_0}\"\n";
			showEnvVarsInLog = 0;
		};
		75A9321388B741F6AD26725E /* [CP] Embed Pods Frameworks */ = {
			isa = PBXShellScriptBuildPhase;
			buildActionMask = 2147483647;
			files = (
			);
			inputFileListPaths = (
				"${PODS_ROOT}/Target Support Files/Pods-Loodos/Pods-Loodos-frameworks-${CONFIGURATION}-input-files.xcfilelist",
			);
			name = "[CP] Embed Pods Frameworks";
			outputFileListPaths = (
				"${PODS_ROOT}/Target Support Files/Pods-Loodos/Pods-Loodos-frameworks-${CONFIGURATION}-output-files.xcfilelist",
			);
			runOnlyForDeploymentPostprocessing = 0;
			shellPath = /bin/sh;
			shellScript = "\"${PODS_ROOT}/Target Support Files/Pods-Loodos/Pods-Loodos-frameworks.sh\"\n";
			showEnvVarsInLog = 0;
		};
/* End PBXShellScriptBuildPhase section */

/* Begin PBXSourcesBuildPhase section */
		99040848263C811600F116BE /* Sources */ = {
			isa = PBXSourcesBuildPhase;
			buildActionMask = 2147483647;
			files = (
				990408EF263C8DF900F116BE /* MovieResponseModel.swift in Sources */,
				990408E4263C892100F116BE /* Constants.swift in Sources */,
				9904096C263DD51A00F116BE /* DetailPresentation.swift in Sources */,
				99040902263C986C00F116BE /* SearchPresenter.swift in Sources */,
				990408FB263C984300F116BE /* SearchViewController.swift in Sources */,
				99040938263D9D3900F116BE /* Storyboards.swift in Sources */,
				9904092A263C99F700F116BE /* BaseViewController.swift in Sources */,
				99A2680C263EBEBF007A33DD /* SplashContracts.swift in Sources */,
				99040916263C992300F116BE /* DetailContracts.swift in Sources */,
				9904090B263C98DB00F116BE /* SearchContracts.swift in Sources */,
				99040952263DA46000F116BE /* SearchCollectionViewCell.swift in Sources */,
				99A267F8263EBBAB007A33DD /* NetworkService.swift in Sources */,
				99040919263C992C00F116BE /* DetailInteractor.swift in Sources */,
				99040957263DA69600F116BE /* MoviePresentation.swift in Sources */,
				9904093D263D9D7100F116BE /* UIStoryboardExtension.swift in Sources */,
				990408FF263C985D00F116BE /* SearchRouter.swift in Sources */,
				99040850263C811600F116BE /* AppDelegate.swift in Sources */,
				99040925263C995900F116BE /* DetailViewController.swift in Sources */,
				9904095B263DAE6A00F116BE /* UIImageViewExtension.swift in Sources */,
				99040946263D9EB600F116BE /* AppContainer.swift in Sources */,
				99040940263D9DA200F116BE /* StoryboardIdentifiers.swift in Sources */,
				99A2684A263EE294007A33DD /* CommonConstants.swift in Sources */,
				99040971263DDDF300F116BE /* BaseLabel.swift in Sources */,
				99040906263C987900F116BE /* SearchInteractor.swift in Sources */,
				990408E1263C867700F116BE /* OMDBRouter.swift in Sources */,
				9904091C263C993400F116BE /* DetailPresenter.swift in Sources */,
				990408E7263C8B2200F116BE /* OMDBError.swift in Sources */,
				99040943263D9E7000F116BE /* AppRouter.swift in Sources */,
				9904095F263DC9A400F116BE /* LoadingView.swift in Sources */,
				9904092F263C9A2C00F116BE /* BasePresenterProtocol.swift in Sources */,
				99040968263DD03000F116BE /* UICollectionViewExtension.swift in Sources */,
				99040912263C991800F116BE /* DetailBuilder.swift in Sources */,
				99A26806263EBEA7007A33DD /* SplashBuilder.swift in Sources */,
				99A267FC263EBE80007A33DD /* SplashRouter.swift in Sources */,
				99A26800263EBE89007A33DD /* SplashInteractor.swift in Sources */,
				9904091F263C993D00F116BE /* DetailRouter.swift in Sources */,
				99040934263D9AFC00F116BE /* MovieSearchResponseModel.swift in Sources */,
				990408DC263C85E400F116BE /* OMDBService.swift in Sources */,
				99A26803263EBE94007A33DD /* SplashPresenter.swift in Sources */,
				9904090E263C98E700F116BE /* SearchBuilder.swift in Sources */,
				99A26811263EBED1007A33DD /* SplashViewController.swift in Sources */,
			);
			runOnlyForDeploymentPostprocessing = 0;
		};
		99A268BD263F1A04007A33DD /* Sources */ = {
			isa = PBXSourcesBuildPhase;
			buildActionMask = 2147483647;
			files = (
				99A268C4263F1A04007A33DD /* LoodosTests.swift in Sources */,
			);
			runOnlyForDeploymentPostprocessing = 0;
		};
/* End PBXSourcesBuildPhase section */

/* Begin PBXTargetDependency section */
		99A268C7263F1A04007A33DD /* PBXTargetDependency */ = {
			isa = PBXTargetDependency;
			target = 9904084B263C811600F116BE /* Loodos */;
			targetProxy = 99A268C6263F1A04007A33DD /* PBXContainerItemProxy */;
		};
/* End PBXTargetDependency section */

/* Begin PBXVariantGroup section */
		9904085A263C811600F116BE /* LaunchScreen.storyboard */ = {
			isa = PBXVariantGroup;
			children = (
				9904085B263C811600F116BE /* Base */,
			);
			name = LaunchScreen.storyboard;
			sourceTree = "<group>";
		};
		99040963263DCB8500F116BE /* Localizable.strings */ = {
			isa = PBXVariantGroup;
			children = (
				99040962263DCB8500F116BE /* en */,
				99040965263DCB9400F116BE /* tr */,
			);
			name = Localizable.strings;
			sourceTree = "<group>";
		};
/* End PBXVariantGroup section */

/* Begin XCBuildConfiguration section */
		9904085E263C811600F116BE /* Development */ = {
			isa = XCBuildConfiguration;
			buildSettings = {
				ALWAYS_SEARCH_USER_PATHS = NO;
				CLANG_ANALYZER_LOCALIZABILITY_NONLOCALIZED = YES;
				CLANG_ANALYZER_NONNULL = YES;
				CLANG_ANALYZER_NUMBER_OBJECT_CONVERSION = YES_AGGRESSIVE;
				CLANG_CXX_LANGUAGE_STANDARD = "gnu++14";
				CLANG_CXX_LIBRARY = "libc++";
				CLANG_ENABLE_MODULES = YES;
				CLANG_ENABLE_OBJC_ARC = YES;
				CLANG_ENABLE_OBJC_WEAK = YES;
				CLANG_WARN_BLOCK_CAPTURE_AUTORELEASING = YES;
				CLANG_WARN_BOOL_CONVERSION = YES;
				CLANG_WARN_COMMA = YES;
				CLANG_WARN_CONSTANT_CONVERSION = YES;
				CLANG_WARN_DEPRECATED_OBJC_IMPLEMENTATIONS = YES;
				CLANG_WARN_DIRECT_OBJC_ISA_USAGE = YES_ERROR;
				CLANG_WARN_DOCUMENTATION_COMMENTS = YES;
				CLANG_WARN_EMPTY_BODY = YES;
				CLANG_WARN_ENUM_CONVERSION = YES;
				CLANG_WARN_INFINITE_RECURSION = YES;
				CLANG_WARN_INT_CONVERSION = YES;
				CLANG_WARN_NON_LITERAL_NULL_CONVERSION = YES;
				CLANG_WARN_OBJC_IMPLICIT_RETAIN_SELF = YES;
				CLANG_WARN_OBJC_LITERAL_CONVERSION = YES;
				CLANG_WARN_OBJC_ROOT_CLASS = YES_ERROR;
				CLANG_WARN_QUOTED_INCLUDE_IN_FRAMEWORK_HEADER = YES;
				CLANG_WARN_RANGE_LOOP_ANALYSIS = YES;
				CLANG_WARN_STRICT_PROTOTYPES = YES;
				CLANG_WARN_SUSPICIOUS_MOVE = YES;
				CLANG_WARN_UNGUARDED_AVAILABILITY = YES_AGGRESSIVE;
				CLANG_WARN_UNREACHABLE_CODE = YES;
				CLANG_WARN__DUPLICATE_METHOD_MATCH = YES;
				COPY_PHASE_STRIP = NO;
				DEBUG_INFORMATION_FORMAT = dwarf;
				ENABLE_STRICT_OBJC_MSGSEND = YES;
				ENABLE_TESTABILITY = YES;
				GCC_C_LANGUAGE_STANDARD = gnu11;
				GCC_DYNAMIC_NO_PIC = NO;
				GCC_NO_COMMON_BLOCKS = YES;
				GCC_OPTIMIZATION_LEVEL = 0;
				GCC_PREPROCESSOR_DEFINITIONS = (
					"DEBUG=1",
					"$(inherited)",
				);
				GCC_WARN_64_TO_32_BIT_CONVERSION = YES;
				GCC_WARN_ABOUT_RETURN_TYPE = YES_ERROR;
				GCC_WARN_UNDECLARED_SELECTOR = YES;
				GCC_WARN_UNINITIALIZED_AUTOS = YES_AGGRESSIVE;
				GCC_WARN_UNUSED_FUNCTION = YES;
				GCC_WARN_UNUSED_VARIABLE = YES;
				IPHONEOS_DEPLOYMENT_TARGET = 14.4;
				MTL_ENABLE_DEBUG_INFO = INCLUDE_SOURCE;
				MTL_FAST_MATH = YES;
				ONLY_ACTIVE_ARCH = YES;
				SDKROOT = iphoneos;
				SWIFT_ACTIVE_COMPILATION_CONDITIONS = DEBUG;
				SWIFT_OPTIMIZATION_LEVEL = "-Onone";
			};
			name = Development;
		};
		9904085F263C811600F116BE /* Production */ = {
			isa = XCBuildConfiguration;
			buildSettings = {
				ALWAYS_SEARCH_USER_PATHS = NO;
				CLANG_ANALYZER_LOCALIZABILITY_NONLOCALIZED = YES;
				CLANG_ANALYZER_NONNULL = YES;
				CLANG_ANALYZER_NUMBER_OBJECT_CONVERSION = YES_AGGRESSIVE;
				CLANG_CXX_LANGUAGE_STANDARD = "gnu++14";
				CLANG_CXX_LIBRARY = "libc++";
				CLANG_ENABLE_MODULES = YES;
				CLANG_ENABLE_OBJC_ARC = YES;
				CLANG_ENABLE_OBJC_WEAK = YES;
				CLANG_WARN_BLOCK_CAPTURE_AUTORELEASING = YES;
				CLANG_WARN_BOOL_CONVERSION = YES;
				CLANG_WARN_COMMA = YES;
				CLANG_WARN_CONSTANT_CONVERSION = YES;
				CLANG_WARN_DEPRECATED_OBJC_IMPLEMENTATIONS = YES;
				CLANG_WARN_DIRECT_OBJC_ISA_USAGE = YES_ERROR;
				CLANG_WARN_DOCUMENTATION_COMMENTS = YES;
				CLANG_WARN_EMPTY_BODY = YES;
				CLANG_WARN_ENUM_CONVERSION = YES;
				CLANG_WARN_INFINITE_RECURSION = YES;
				CLANG_WARN_INT_CONVERSION = YES;
				CLANG_WARN_NON_LITERAL_NULL_CONVERSION = YES;
				CLANG_WARN_OBJC_IMPLICIT_RETAIN_SELF = YES;
				CLANG_WARN_OBJC_LITERAL_CONVERSION = YES;
				CLANG_WARN_OBJC_ROOT_CLASS = YES_ERROR;
				CLANG_WARN_QUOTED_INCLUDE_IN_FRAMEWORK_HEADER = YES;
				CLANG_WARN_RANGE_LOOP_ANALYSIS = YES;
				CLANG_WARN_STRICT_PROTOTYPES = YES;
				CLANG_WARN_SUSPICIOUS_MOVE = YES;
				CLANG_WARN_UNGUARDED_AVAILABILITY = YES_AGGRESSIVE;
				CLANG_WARN_UNREACHABLE_CODE = YES;
				CLANG_WARN__DUPLICATE_METHOD_MATCH = YES;
				COPY_PHASE_STRIP = NO;
				DEBUG_INFORMATION_FORMAT = "dwarf-with-dsym";
				ENABLE_NS_ASSERTIONS = NO;
				ENABLE_STRICT_OBJC_MSGSEND = YES;
				GCC_C_LANGUAGE_STANDARD = gnu11;
				GCC_NO_COMMON_BLOCKS = YES;
				GCC_WARN_64_TO_32_BIT_CONVERSION = YES;
				GCC_WARN_ABOUT_RETURN_TYPE = YES_ERROR;
				GCC_WARN_UNDECLARED_SELECTOR = YES;
				GCC_WARN_UNINITIALIZED_AUTOS = YES_AGGRESSIVE;
				GCC_WARN_UNUSED_FUNCTION = YES;
				GCC_WARN_UNUSED_VARIABLE = YES;
				IPHONEOS_DEPLOYMENT_TARGET = 14.4;
				MTL_ENABLE_DEBUG_INFO = NO;
				MTL_FAST_MATH = YES;
				SDKROOT = iphoneos;
				SWIFT_COMPILATION_MODE = wholemodule;
				SWIFT_OPTIMIZATION_LEVEL = "-O";
				VALIDATE_PRODUCT = YES;
			};
			name = Production;
		};
		99040861263C811600F116BE /* Development */ = {
			isa = XCBuildConfiguration;
			baseConfigurationReference = D5F3CD068DB422E374163AC7 /* Pods-Loodos.development.xcconfig */;
			buildSettings = {
				ASSETCATALOG_COMPILER_APPICON_NAME = AppIcon;
				ASSETCATALOG_COMPILER_GLOBAL_ACCENT_COLOR_NAME = AccentColor;
				CODE_SIGN_STYLE = Automatic;
				INFOPLIST_FILE = Loodos/Info.plist;
				LD_RUNPATH_SEARCH_PATHS = (
					"$(inherited)",
					"@executable_path/Frameworks",
				);
				PRODUCT_BUNDLE_IDENTIFIER = com.dgnkdnz.Loodos;
				PRODUCT_NAME = "$(TARGET_NAME)";
				SWIFT_VERSION = 5.0;
				TARGETED_DEVICE_FAMILY = 1;
			};
			name = Development;
		};
		99040862263C811600F116BE /* Production */ = {
			isa = XCBuildConfiguration;
			baseConfigurationReference = 504899870B99BB5771753570 /* Pods-Loodos.production.xcconfig */;
			buildSettings = {
				ASSETCATALOG_COMPILER_APPICON_NAME = AppIcon;
				ASSETCATALOG_COMPILER_GLOBAL_ACCENT_COLOR_NAME = AccentColor;
				CODE_SIGN_STYLE = Automatic;
				INFOPLIST_FILE = Loodos/Info.plist;
				LD_RUNPATH_SEARCH_PATHS = (
					"$(inherited)",
					"@executable_path/Frameworks",
				);
				PRODUCT_BUNDLE_IDENTIFIER = com.dgnkdnz.Loodos;
				PRODUCT_NAME = "$(TARGET_NAME)";
				SWIFT_VERSION = 5.0;
				TARGETED_DEVICE_FAMILY = 1;
			};
			name = Production;
		};
		99A268C8263F1A04007A33DD /* Development */ = {
			isa = XCBuildConfiguration;
			baseConfigurationReference = 9E6054E6A9C87EBD9118DFAD /* Pods-LoodosTests.development.xcconfig */;
			buildSettings = {
				ALWAYS_SEARCH_USER_PATHS = NO;
				BUNDLE_LOADER = "$(TEST_HOST)";
				CLANG_ANALYZER_NONNULL = YES;
				CLANG_ANALYZER_NUMBER_OBJECT_CONVERSION = YES_AGGRESSIVE;
				CLANG_CXX_LANGUAGE_STANDARD = "gnu++14";
				CLANG_CXX_LIBRARY = "libc++";
				CLANG_ENABLE_MODULES = YES;
				CLANG_ENABLE_OBJC_ARC = YES;
				CLANG_ENABLE_OBJC_WEAK = YES;
				CLANG_WARN_BLOCK_CAPTURE_AUTORELEASING = YES;
				CLANG_WARN_BOOL_CONVERSION = YES;
				CLANG_WARN_COMMA = YES;
				CLANG_WARN_CONSTANT_CONVERSION = YES;
				CLANG_WARN_DEPRECATED_OBJC_IMPLEMENTATIONS = YES;
				CLANG_WARN_DIRECT_OBJC_ISA_USAGE = YES_ERROR;
				CLANG_WARN_DOCUMENTATION_COMMENTS = YES;
				CLANG_WARN_EMPTY_BODY = YES;
				CLANG_WARN_ENUM_CONVERSION = YES;
				CLANG_WARN_INFINITE_RECURSION = YES;
				CLANG_WARN_INT_CONVERSION = YES;
				CLANG_WARN_NON_LITERAL_NULL_CONVERSION = YES;
				CLANG_WARN_OBJC_IMPLICIT_RETAIN_SELF = YES;
				CLANG_WARN_OBJC_LITERAL_CONVERSION = YES;
				CLANG_WARN_OBJC_ROOT_CLASS = YES_ERROR;
				CLANG_WARN_QUOTED_INCLUDE_IN_FRAMEWORK_HEADER = YES;
				CLANG_WARN_RANGE_LOOP_ANALYSIS = YES;
				CLANG_WARN_STRICT_PROTOTYPES = YES;
				CLANG_WARN_SUSPICIOUS_MOVE = YES;
				CLANG_WARN_UNGUARDED_AVAILABILITY = YES_AGGRESSIVE;
				CLANG_WARN_UNREACHABLE_CODE = YES;
				CLANG_WARN__DUPLICATE_METHOD_MATCH = YES;
				CODE_SIGN_STYLE = Automatic;
				COPY_PHASE_STRIP = NO;
				DEBUG_INFORMATION_FORMAT = dwarf;
				ENABLE_STRICT_OBJC_MSGSEND = YES;
				ENABLE_TESTABILITY = YES;
				GCC_C_LANGUAGE_STANDARD = gnu11;
				GCC_DYNAMIC_NO_PIC = NO;
				GCC_NO_COMMON_BLOCKS = YES;
				GCC_OPTIMIZATION_LEVEL = 0;
				GCC_PREPROCESSOR_DEFINITIONS = (
					"DEBUG=1",
					"$(inherited)",
				);
				GCC_WARN_64_TO_32_BIT_CONVERSION = YES;
				GCC_WARN_ABOUT_RETURN_TYPE = YES_ERROR;
				GCC_WARN_UNDECLARED_SELECTOR = YES;
				GCC_WARN_UNINITIALIZED_AUTOS = YES_AGGRESSIVE;
				GCC_WARN_UNUSED_FUNCTION = YES;
				GCC_WARN_UNUSED_VARIABLE = YES;
				INFOPLIST_FILE = LoodosTests/Info.plist;
				IPHONEOS_DEPLOYMENT_TARGET = 14.4;
				LD_RUNPATH_SEARCH_PATHS = (
					"$(inherited)",
					"@executable_path/Frameworks",
					"@loader_path/Frameworks",
				);
				MTL_ENABLE_DEBUG_INFO = INCLUDE_SOURCE;
				MTL_FAST_MATH = YES;
				ONLY_ACTIVE_ARCH = YES;
				PRODUCT_BUNDLE_IDENTIFIER = com.dgnkdnz.LoodosTests;
				PRODUCT_NAME = "$(TARGET_NAME)";
				SDKROOT = iphoneos;
				SWIFT_ACTIVE_COMPILATION_CONDITIONS = DEBUG;
				SWIFT_OPTIMIZATION_LEVEL = "-Onone";
				SWIFT_VERSION = 5.0;
				TARGETED_DEVICE_FAMILY = "1,2";
				TEST_HOST = "$(BUILT_PRODUCTS_DIR)/Loodos.app/Loodos";
			};
			name = Development;
		};
		99A268C9263F1A04007A33DD /* Production */ = {
			isa = XCBuildConfiguration;
			baseConfigurationReference = 317FF7FCF69A9DF3C0D86229 /* Pods-LoodosTests.production.xcconfig */;
			buildSettings = {
				ALWAYS_SEARCH_USER_PATHS = NO;
				BUNDLE_LOADER = "$(TEST_HOST)";
				CLANG_ANALYZER_NONNULL = YES;
				CLANG_ANALYZER_NUMBER_OBJECT_CONVERSION = YES_AGGRESSIVE;
				CLANG_CXX_LANGUAGE_STANDARD = "gnu++14";
				CLANG_CXX_LIBRARY = "libc++";
				CLANG_ENABLE_MODULES = YES;
				CLANG_ENABLE_OBJC_ARC = YES;
				CLANG_ENABLE_OBJC_WEAK = YES;
				CLANG_WARN_BLOCK_CAPTURE_AUTORELEASING = YES;
				CLANG_WARN_BOOL_CONVERSION = YES;
				CLANG_WARN_COMMA = YES;
				CLANG_WARN_CONSTANT_CONVERSION = YES;
				CLANG_WARN_DEPRECATED_OBJC_IMPLEMENTATIONS = YES;
				CLANG_WARN_DIRECT_OBJC_ISA_USAGE = YES_ERROR;
				CLANG_WARN_DOCUMENTATION_COMMENTS = YES;
				CLANG_WARN_EMPTY_BODY = YES;
				CLANG_WARN_ENUM_CONVERSION = YES;
				CLANG_WARN_INFINITE_RECURSION = YES;
				CLANG_WARN_INT_CONVERSION = YES;
				CLANG_WARN_NON_LITERAL_NULL_CONVERSION = YES;
				CLANG_WARN_OBJC_IMPLICIT_RETAIN_SELF = YES;
				CLANG_WARN_OBJC_LITERAL_CONVERSION = YES;
				CLANG_WARN_OBJC_ROOT_CLASS = YES_ERROR;
				CLANG_WARN_QUOTED_INCLUDE_IN_FRAMEWORK_HEADER = YES;
				CLANG_WARN_RANGE_LOOP_ANALYSIS = YES;
				CLANG_WARN_STRICT_PROTOTYPES = YES;
				CLANG_WARN_SUSPICIOUS_MOVE = YES;
				CLANG_WARN_UNGUARDED_AVAILABILITY = YES_AGGRESSIVE;
				CLANG_WARN_UNREACHABLE_CODE = YES;
				CLANG_WARN__DUPLICATE_METHOD_MATCH = YES;
				CODE_SIGN_STYLE = Automatic;
				COPY_PHASE_STRIP = NO;
				DEBUG_INFORMATION_FORMAT = "dwarf-with-dsym";
				ENABLE_NS_ASSERTIONS = NO;
				ENABLE_STRICT_OBJC_MSGSEND = YES;
				GCC_C_LANGUAGE_STANDARD = gnu11;
				GCC_NO_COMMON_BLOCKS = YES;
				GCC_WARN_64_TO_32_BIT_CONVERSION = YES;
				GCC_WARN_ABOUT_RETURN_TYPE = YES_ERROR;
				GCC_WARN_UNDECLARED_SELECTOR = YES;
				GCC_WARN_UNINITIALIZED_AUTOS = YES_AGGRESSIVE;
				GCC_WARN_UNUSED_FUNCTION = YES;
				GCC_WARN_UNUSED_VARIABLE = YES;
				INFOPLIST_FILE = LoodosTests/Info.plist;
				IPHONEOS_DEPLOYMENT_TARGET = 14.4;
				LD_RUNPATH_SEARCH_PATHS = (
					"$(inherited)",
					"@executable_path/Frameworks",
					"@loader_path/Frameworks",
				);
				MTL_ENABLE_DEBUG_INFO = NO;
				MTL_FAST_MATH = YES;
				PRODUCT_BUNDLE_IDENTIFIER = com.dgnkdnz.LoodosTests;
				PRODUCT_NAME = "$(TARGET_NAME)";
				SDKROOT = iphoneos;
				SWIFT_COMPILATION_MODE = wholemodule;
				SWIFT_OPTIMIZATION_LEVEL = "-O";
				SWIFT_VERSION = 5.0;
				TARGETED_DEVICE_FAMILY = "1,2";
				TEST_HOST = "$(BUILT_PRODUCTS_DIR)/Loodos.app/Loodos";
				VALIDATE_PRODUCT = YES;
			};
			name = Production;
		};
/* End XCBuildConfiguration section */

/* Begin XCConfigurationList section */
		99040847263C811600F116BE /* Build configuration list for PBXProject "Loodos" */ = {
			isa = XCConfigurationList;
			buildConfigurations = (
				9904085E263C811600F116BE /* Development */,
				9904085F263C811600F116BE /* Production */,
			);
			defaultConfigurationIsVisible = 0;
			defaultConfigurationName = Production;
		};
		99040860263C811600F116BE /* Build configuration list for PBXNativeTarget "Loodos" */ = {
			isa = XCConfigurationList;
			buildConfigurations = (
				99040861263C811600F116BE /* Development */,
				99040862263C811600F116BE /* Production */,
			);
			defaultConfigurationIsVisible = 0;
			defaultConfigurationName = Production;
		};
		99A268CA263F1A04007A33DD /* Build configuration list for PBXNativeTarget "LoodosTests" */ = {
			isa = XCConfigurationList;
			buildConfigurations = (
				99A268C8263F1A04007A33DD /* Development */,
				99A268C9263F1A04007A33DD /* Production */,
			);
			defaultConfigurationIsVisible = 0;
			defaultConfigurationName = Production;
		};
/* End XCConfigurationList section */
	};
	rootObject = 99040844263C811600F116BE /* Project object */;
}
